
Microsoft Visual Studio Solution File, Format Version 12.00
# Visual Studio Version 16
VisualStudioVersion = 16.0.33920.266
MinimumVisualStudioVersion = 10.0.40219.1
Project("{FAE04EC0-301F-11D3-BF4B-00C04F79EFBC}") = "T13.3", "T13.3.csproj", "{F928BB23-F001-4289-ABDE-929F1BB33CF6}"
EndProject
Global
	GlobalSection(SolutionConfigurationPlatforms) = preSolution
		Debug|Any CPU = Debug|Any CPU
		Release|Any CPU = Release|Any CPU
	EndGlobalSection
	GlobalSection(ProjectConfigurationPlatforms) = postSolution
		{F928BB23-F001-4289-ABDE-929F1BB33CF6}.Debug|Any CPU.ActiveCfg = Debug|Any CPU
		{F928BB23-F001-4289-ABDE-929F1BB33CF6}.Debug|Any CPU.Build.0 = Debug|Any CPU
		{F928BB23-F001-4289-ABDE-929F1BB33CF6}.Release|Any CPU.ActiveCfg = Release|Any CPU
		{F928BB23-F001-4289-ABDE-929F1BB33CF6}.Release|Any CPU.Build.0 = Release|Any CPU
	EndGlobalSection
	GlobalSection(SolutionProperties) = preSolution
		HideSolutionNode = FALSE
	EndGlobalSection
	GlobalSection(ExtensibilityGlobals) = postSolution
		SolutionGuid = {ECDC25E4-1E2F-4485-A667-7C609160FF36}
	EndGlobalSection
EndGlobal
